
Microsoft Visual Studio Solution File, Format Version 12.00
# Visual Studio Version 17
VisualStudioVersion = 17.10.35027.167
MinimumVisualStudioVersion = 10.0.40219.1
Project("{FAE04EC0-301F-11D3-BF4B-00C04F79EFBC}") = "CrudComDapperERepository", "CrudComDapperERepository.csproj", "{CE8B0330-CD7E-4E06-ADF0-34E3D117A779}"
EndProject
Global
	GlobalSection(SolutionConfigurationPlatforms) = preSolution
		Debug|Any CPU = Debug|Any CPU
		Release|Any CPU = Release|Any CPU
	EndGlobalSection
	GlobalSection(ProjectConfigurationPlatforms) = postSolution
		{CE8B0330-CD7E-4E06-ADF0-34E3D117A779}.Debug|Any CPU.ActiveCfg = Debug|Any CPU
		{CE8B0330-CD7E-4E06-ADF0-34E3D117A779}.Debug|Any CPU.Build.0 = Debug|Any CPU
		{CE8B0330-CD7E-4E06-ADF0-34E3D117A779}.Release|Any CPU.ActiveCfg = Release|Any CPU
		{CE8B0330-CD7E-4E06-ADF0-34E3D117A779}.Release|Any CPU.Build.0 = Release|Any CPU
	EndGlobalSection
	GlobalSection(SolutionProperties) = preSolution
		HideSolutionNode = FALSE
	EndGlobalSection
	GlobalSection(ExtensibilityGlobals) = postSolution
		SolutionGuid = {19B70567-9357-49ED-BF79-DCB721357C75}
	EndGlobalSection
EndGlobal
